
Microsoft Visual Studio Solution File, Format Version 12.00
# Visual Studio Version 17
VisualStudioVersion = 17.9.34723.18
MinimumVisualStudioVersion = 10.0.40219.1
Project("{FAE04EC0-301F-11D3-BF4B-00C04F79EFBC}") = "MauiApp1", "MauiApp1\MauiApp1.csproj", "{CB112624-4CAB-4F4C-8B22-8C96DCC73E76}"
EndProject
Global
	GlobalSection(SolutionConfigurationPlatforms) = preSolution
		Debug|Any CPU = Debug|Any CPU
		Release|Any CPU = Release|Any CPU
	EndGlobalSection
	GlobalSection(ProjectConfigurationPlatforms) = postSolution
		{CB112624-4CAB-4F4C-8B22-8C96DCC73E76}.Debug|Any CPU.ActiveCfg = Debug|Any CPU
		{CB112624-4CAB-4F4C-8B22-8C96DCC73E76}.Debug|Any CPU.Build.0 = Debug|Any CPU
		{CB112624-4CAB-4F4C-8B22-8C96DCC73E76}.Debug|Any CPU.Deploy.0 = Debug|Any CPU
		{CB112624-4CAB-4F4C-8B22-8C96DCC73E76}.Release|Any CPU.ActiveCfg = Release|Any CPU
		{CB112624-4CAB-4F4C-8B22-8C96DCC73E76}.Release|Any CPU.Build.0 = Release|Any CPU
		{CB112624-4CAB-4F4C-8B22-8C96DCC73E76}.Release|Any CPU.Deploy.0 = Release|Any CPU
	EndGlobalSection
	GlobalSection(SolutionProperties) = preSolution
		HideSolutionNode = FALSE
	EndGlobalSection
	GlobalSection(ExtensibilityGlobals) = postSolution
		SolutionGuid = {985FBC32-B084-4732-B0FE-8E9CFD21B592}
	EndGlobalSection
EndGlobal
